// !$*UTF8*$!
{
	archiveVersion = 1;
	classes = {
	};
	objectVersion = 50;
	objects = {

/* Begin PBXBuildFile section */
		27FC0740211224A90024C9C4 /* AppDelegate.swift in Sources */ = {isa = PBXBuildFile; fileRef = 27FC073F211224A90024C9C4 /* AppDelegate.swift */; };
		27FC0742211224A90024C9C4 /* ViewController.swift in Sources */ = {isa = PBXBuildFile; fileRef = 27FC0741211224A90024C9C4 /* ViewController.swift */; };
		27FC0745211224A90024C9C4 /* Main.storyboard in Resources */ = {isa = PBXBuildFile; fileRef = 27FC0743211224A90024C9C4 /* Main.storyboard */; };
		27FC0747211224AB0024C9C4 /* Assets.xcassets in Resources */ = {isa = PBXBuildFile; fileRef = 27FC0746211224AB0024C9C4 /* Assets.xcassets */; };
		27FC074A211224AB0024C9C4 /* LaunchScreen.storyboard in Resources */ = {isa = PBXBuildFile; fileRef = 27FC0748211224AB0024C9C4 /* LaunchScreen.storyboard */; };
		27FC0755211224AB0024C9C4 /* KyleEthanCardGameTests.swift in Sources */ = {isa = PBXBuildFile; fileRef = 27FC0754211224AB0024C9C4 /* KyleEthanCardGameTests.swift */; };
		27FC0760211224AB0024C9C4 /* KyleEthanCardGameUITests.swift in Sources */ = {isa = PBXBuildFile; fileRef = 27FC075F211224AB0024C9C4 /* KyleEthanCardGameUITests.swift */; };
		AAB92EAE2113A97900B03AE5 /* MPCManager.swift in Sources */ = {isa = PBXBuildFile; fileRef = AAB92EAD2113A97900B03AE5 /* MPCManager.swift */; };
/* End PBXBuildFile section */

/* Begin PBXContainerItemProxy section */
		27FC0751211224AB0024C9C4 /* PBXContainerItemProxy */ = {
			isa = PBXContainerItemProxy;
			containerPortal = 27FC0734211224A90024C9C4 /* Project object */;
			proxyType = 1;
			remoteGlobalIDString = 27FC073B211224A90024C9C4;
			remoteInfo = KyleEthanCardGame;
		};
		27FC075C211224AB0024C9C4 /* PBXContainerItemProxy */ = {
			isa = PBXContainerItemProxy;
			containerPortal = 27FC0734211224A90024C9C4 /* Project object */;
			proxyType = 1;
			remoteGlobalIDString = 27FC073B211224A90024C9C4;
			remoteInfo = KyleEthanCardGame;
		};
/* End PBXContainerItemProxy section */

/* Begin PBXFileReference section */
		27FC073C211224A90024C9C4 /* KyleEthanCardGame.app */ = {isa = PBXFileReference; explicitFileType = wrapper.application; includeInIndex = 0; path = KyleEthanCardGame.app; sourceTree = BUILT_PRODUCTS_DIR; };
		27FC073F211224A90024C9C4 /* AppDelegate.swift */ = {isa = PBXFileReference; lastKnownFileType = sourcecode.swift; path = AppDelegate.swift; sourceTree = "<group>"; };
		27FC0741211224A90024C9C4 /* ViewController.swift */ = {isa = PBXFileReference; lastKnownFileType = sourcecode.swift; path = ViewController.swift; sourceTree = "<group>"; };
		27FC0744211224A90024C9C4 /* Base */ = {isa = PBXFileReference; lastKnownFileType = file.storyboard; name = Base; path = Base.lproj/Main.storyboard; sourceTree = "<group>"; };
		27FC0746211224AB0024C9C4 /* Assets.xcassets */ = {isa = PBXFileReference; lastKnownFileType = folder.assetcatalog; path = Assets.xcassets; sourceTree = "<group>"; };
		27FC0749211224AB0024C9C4 /* Base */ = {isa = PBXFileReference; lastKnownFileType = file.storyboard; name = Base; path = Base.lproj/LaunchScreen.storyboard; sourceTree = "<group>"; };
		27FC074B211224AB0024C9C4 /* Info.plist */ = {isa = PBXFileReference; lastKnownFileType = text.plist.xml; path = Info.plist; sourceTree = "<group>"; };
		27FC0750211224AB0024C9C4 /* KyleEthanCardGameTests.xctest */ = {isa = PBXFileReference; explicitFileType = wrapper.cfbundle; includeInIndex = 0; path = KyleEthanCardGameTests.xctest; sourceTree = BUILT_PRODUCTS_DIR; };
		27FC0754211224AB0024C9C4 /* KyleEthanCardGameTests.swift */ = {isa = PBXFileReference; lastKnownFileType = sourcecode.swift; path = KyleEthanCardGameTests.swift; sourceTree = "<group>"; };
		27FC0756211224AB0024C9C4 /* Info.plist */ = {isa = PBXFileReference; lastKnownFileType = text.plist.xml; path = Info.plist; sourceTree = "<group>"; };
		27FC075B211224AB0024C9C4 /* KyleEthanCardGameUITests.xctest */ = {isa = PBXFileReference; explicitFileType = wrapper.cfbundle; includeInIndex = 0; path = KyleEthanCardGameUITests.xctest; sourceTree = BUILT_PRODUCTS_DIR; };
		27FC075F211224AB0024C9C4 /* KyleEthanCardGameUITests.swift */ = {isa = PBXFileReference; lastKnownFileType = sourcecode.swift; path = KyleEthanCardGameUITests.swift; sourceTree = "<group>"; };
		27FC0761211224AB0024C9C4 /* Info.plist */ = {isa = PBXFileReference; lastKnownFileType = text.plist.xml; path = Info.plist; sourceTree = "<group>"; };
		AAB92EAD2113A97900B03AE5 /* MPCManager.swift */ = {isa = PBXFileReference; lastKnownFileType = sourcecode.swift; path = MPCManager.swift; sourceTree = "<group>"; };
/* End PBXFileReference section */

/* Begin PBXFrameworksBuildPhase section */
		27FC0739211224A90024C9C4 /* Frameworks */ = {
			isa = PBXFrameworksBuildPhase;
			buildActionMask = 2147483647;
			files = (
			);
			runOnlyForDeploymentPostprocessing = 0;
		};
		27FC074D211224AB0024C9C4 /* Frameworks */ = {
			isa = PBXFrameworksBuildPhase;
			buildActionMask = 2147483647;
			files = (
			);
			runOnlyForDeploymentPostprocessing = 0;
		};
		27FC0758211224AB0024C9C4 /* Frameworks */ = {
			isa = PBXFrameworksBuildPhase;
			buildActionMask = 2147483647;
			files = (
			);
			runOnlyForDeploymentPostprocessing = 0;
		};
/* End PBXFrameworksBuildPhase section */

/* Begin PBXGroup section */
		27FC0733211224A90024C9C4 = {
			isa = PBXGroup;
			children = (
				27FC073E211224A90024C9C4 /* KyleEthanCardGame */,
				27FC0753211224AB0024C9C4 /* KyleEthanCardGameTests */,
				27FC075E211224AB0024C9C4 /* KyleEthanCardGameUITests */,
				27FC073D211224A90024C9C4 /* Products */,
			);
			sourceTree = "<group>";
		};
		27FC073D211224A90024C9C4 /* Products */ = {
			isa = PBXGroup;
			children = (
				27FC073C211224A90024C9C4 /* KyleEthanCardGame.app */,
				27FC0750211224AB0024C9C4 /* KyleEthanCardGameTests.xctest */,
				27FC075B211224AB0024C9C4 /* KyleEthanCardGameUITests.xctest */,
			);
			name = Products;
			sourceTree = "<group>";
		};
		27FC073E211224A90024C9C4 /* KyleEthanCardGame */ = {
			isa = PBXGroup;
			children = (
				27FC073F211224A90024C9C4 /* AppDelegate.swift */,
				27FC0741211224A90024C9C4 /* ViewController.swift */,
				AAB92EAD2113A97900B03AE5 /* MPCManager.swift */,
				27FC0743211224A90024C9C4 /* Main.storyboard */,
				27FC0746211224AB0024C9C4 /* Assets.xcassets */,
				27FC0748211224AB0024C9C4 /* LaunchScreen.storyboard */,
				27FC074B211224AB0024C9C4 /* Info.plist */,
			);
			path = KyleEthanCardGame;
			sourceTree = "<group>";
		};
		27FC0753211224AB0024C9C4 /* KyleEthanCardGameTests */ = {
			isa = PBXGroup;
			children = (
				27FC0754211224AB0024C9C4 /* KyleEthanCardGameTests.swift */,
				27FC0756211224AB0024C9C4 /* Info.plist */,
			);
			path = KyleEthanCardGameTests;
			sourceTree = "<group>";
		};
		27FC075E211224AB0024C9C4 /* KyleEthanCardGameUITests */ = {
			isa = PBXGroup;
			children = (
				27FC075F211224AB0024C9C4 /* KyleEthanCardGameUITests.swift */,
				27FC0761211224AB0024C9C4 /* Info.plist */,
			);
			path = KyleEthanCardGameUITests;
			sourceTree = "<group>";
		};
/* End PBXGroup section */

/* Begin PBXNativeTarget section */
		27FC073B211224A90024C9C4 /* KyleEthanCardGame */ = {
			isa = PBXNativeTarget;
			buildConfigurationList = 27FC0764211224AB0024C9C4 /* Build configuration list for PBXNativeTarget "KyleEthanCardGame" */;
			buildPhases = (
				27FC0738211224A90024C9C4 /* Sources */,
				27FC0739211224A90024C9C4 /* Frameworks */,
				27FC073A211224A90024C9C4 /* Resources */,
			);
			buildRules = (
			);
			dependencies = (
			);
			name = KyleEthanCardGame;
			productName = KyleEthanCardGame;
			productReference = 27FC073C211224A90024C9C4 /* KyleEthanCardGame.app */;
			productType = "com.apple.product-type.application";
		};
		27FC074F211224AB0024C9C4 /* KyleEthanCardGameTests */ = {
			isa = PBXNativeTarget;
			buildConfigurationList = 27FC0767211224AB0024C9C4 /* Build configuration list for PBXNativeTarget "KyleEthanCardGameTests" */;
			buildPhases = (
				27FC074C211224AB0024C9C4 /* Sources */,
				27FC074D211224AB0024C9C4 /* Frameworks */,
				27FC074E211224AB0024C9C4 /* Resources */,
			);
			buildRules = (
			);
			dependencies = (
				27FC0752211224AB0024C9C4 /* PBXTargetDependency */,
			);
			name = KyleEthanCardGameTests;
			productName = KyleEthanCardGameTests;
			productReference = 27FC0750211224AB0024C9C4 /* KyleEthanCardGameTests.xctest */;
			productType = "com.apple.product-type.bundle.unit-test";
		};
		27FC075A211224AB0024C9C4 /* KyleEthanCardGameUITests */ = {
			isa = PBXNativeTarget;
			buildConfigurationList = 27FC076A211224AB0024C9C4 /* Build configuration list for PBXNativeTarget "KyleEthanCardGameUITests" */;
			buildPhases = (
				27FC0757211224AB0024C9C4 /* Sources */,
				27FC0758211224AB0024C9C4 /* Frameworks */,
				27FC0759211224AB0024C9C4 /* Resources */,
			);
			buildRules = (
			);
			dependencies = (
				27FC075D211224AB0024C9C4 /* PBXTargetDependency */,
			);
			name = KyleEthanCardGameUITests;
			productName = KyleEthanCardGameUITests;
			productReference = 27FC075B211224AB0024C9C4 /* KyleEthanCardGameUITests.xctest */;
			productType = "com.apple.product-type.bundle.ui-testing";
		};
/* End PBXNativeTarget section */

/* Begin PBXProject section */
		27FC0734211224A90024C9C4 /* Project object */ = {
			isa = PBXProject;
			attributes = {
				LastSwiftUpdateCheck = 0940;
				LastUpgradeCheck = 0940;
				ORGANIZATIONNAME = Kyle;
				TargetAttributes = {
					27FC073B211224A90024C9C4 = {
						CreatedOnToolsVersion = 9.4.1;
					};
					27FC074F211224AB0024C9C4 = {
						CreatedOnToolsVersion = 9.4.1;
						TestTargetID = 27FC073B211224A90024C9C4;
					};
					27FC075A211224AB0024C9C4 = {
						CreatedOnToolsVersion = 9.4.1;
						TestTargetID = 27FC073B211224A90024C9C4;
					};
				};
			};
			buildConfigurationList = 27FC0737211224A90024C9C4 /* Build configuration list for PBXProject "KyleEthanCardGame" */;
			compatibilityVersion = "Xcode 9.3";
			developmentRegion = en;
			hasScannedForEncodings = 0;
			knownRegions = (
				en,
				Base,
			);
			mainGroup = 27FC0733211224A90024C9C4;
			productRefGroup = 27FC073D211224A90024C9C4 /* Products */;
			projectDirPath = "";
			projectRoot = "";
			targets = (
				27FC073B211224A90024C9C4 /* KyleEthanCardGame */,
				27FC074F211224AB0024C9C4 /* KyleEthanCardGameTests */,
				27FC075A211224AB0024C9C4 /* KyleEthanCardGameUITests */,
			);
		};
/* End PBXProject section */

/* Begin PBXResourcesBuildPhase section */
		27FC073A211224A90024C9C4 /* Resources */ = {
			isa = PBXResourcesBuildPhase;
			buildActionMask = 2147483647;
			files = (
				27FC074A211224AB0024C9C4 /* LaunchScreen.storyboard in Resources */,
				27FC0747211224AB0024C9C4 /* Assets.xcassets in Resources */,
				27FC0745211224A90024C9C4 /* Main.storyboard in Resources */,
			);
			runOnlyForDeploymentPostprocessing = 0;
		};
		27FC074E211224AB0024C9C4 /* Resources */ = {
			isa = PBXResourcesBuildPhase;
			buildActionMask = 2147483647;
			files = (
			);
			runOnlyForDeploymentPostprocessing = 0;
		};
		27FC0759211224AB0024C9C4 /* Resources */ = {
			isa = PBXResourcesBuildPhase;
			buildActionMask = 2147483647;
			files = (
			);
			runOnlyForDeploymentPostprocessing = 0;
		};
/* End PBXResourcesBuildPhase section */

/* Begin PBXSourcesBuildPhase section */
		27FC0738211224A90024C9C4 /* Sources */ = {
			isa = PBXSourcesBuildPhase;
			buildActionMask = 2147483647;
			files = (
				27FC0742211224A90024C9C4 /* ViewController.swift in Sources */,
				27FC0740211224A90024C9C4 /* AppDelegate.swift in Sources */,
				AAB92EAE2113A97900B03AE5 /* MPCManager.swift in Sources */,
			);
			runOnlyForDeploymentPostprocessing = 0;
		};
		27FC074C211224AB0024C9C4 /* Sources */ = {
			isa = PBXSourcesBuildPhase;
			buildActionMask = 2147483647;
			files = (
				27FC0755211224AB0024C9C4 /* KyleEthanCardGameTests.swift in Sources */,
			);
			runOnlyForDeploymentPostprocessing = 0;
		};
		27FC0757211224AB0024C9C4 /* Sources */ = {
			isa = PBXSourcesBuildPhase;
			buildActionMask = 2147483647;
			files = (
				27FC0760211224AB0024C9C4 /* KyleEthanCardGameUITests.swift in Sources */,
			);
			runOnlyForDeploymentPostprocessing = 0;
		};
/* End PBXSourcesBuildPhase section */

/* Begin PBXTargetDependency section */
		27FC0752211224AB0024C9C4 /* PBXTargetDependency */ = {
			isa = PBXTargetDependency;
			target = 27FC073B211224A90024C9C4 /* KyleEthanCardGame */;
			targetProxy = 27FC0751211224AB0024C9C4 /* PBXContainerItemProxy */;
		};
		27FC075D211224AB0024C9C4 /* PBXTargetDependency */ = {
			isa = PBXTargetDependency;
			target = 27FC073B211224A90024C9C4 /* KyleEthanCardGame */;
			targetProxy = 27FC075C211224AB0024C9C4 /* PBXContainerItemProxy */;
		};
/* End PBXTargetDependency section */

/* Begin PBXVariantGroup section */
		27FC0743211224A90024C9C4 /* Main.storyboard */ = {
			isa = PBXVariantGroup;
			children = (
				27FC0744211224A90024C9C4 /* Base */,
			);
			name = Main.storyboard;
			sourceTree = "<group>";
		};
		27FC0748211224AB0024C9C4 /* LaunchScreen.storyboard */ = {
			isa = PBXVariantGroup;
			children = (
				27FC0749211224AB0024C9C4 /* Base */,
			);
			name = LaunchScreen.storyboard;
			sourceTree = "<group>";
		};
/* End PBXVariantGroup section */

/* Begin XCBuildConfiguration section */
		27FC0762211224AB0024C9C4 /* Debug */ = {
			isa = XCBuildConfiguration;
			buildSettings = {
				ALWAYS_SEARCH_USER_PATHS = NO;
				CLANG_ANALYZER_NONNULL = YES;
				CLANG_ANALYZER_NUMBER_OBJECT_CONVERSION = YES_AGGRESSIVE;
				CLANG_CXX_LANGUAGE_STANDARD = "gnu++14";
				CLANG_CXX_LIBRARY = "libc++";
				CLANG_ENABLE_MODULES = YES;
				CLANG_ENABLE_OBJC_ARC = YES;
				CLANG_ENABLE_OBJC_WEAK = YES;
				CLANG_WARN_BLOCK_CAPTURE_AUTORELEASING = YES;
				CLANG_WARN_BOOL_CONVERSION = YES;
				CLANG_WARN_COMMA = YES;
				CLANG_WARN_CONSTANT_CONVERSION = YES;
				CLANG_WARN_DEPRECATED_OBJC_IMPLEMENTATIONS = YES;
				CLANG_WARN_DIRECT_OBJC_ISA_USAGE = YES_ERROR;
				CLANG_WARN_DOCUMENTATION_COMMENTS = YES;
				CLANG_WARN_EMPTY_BODY = YES;
				CLANG_WARN_ENUM_CONVERSION = YES;
				CLANG_WARN_INFINITE_RECURSION = YES;
				CLANG_WARN_INT_CONVERSION = YES;
				CLANG_WARN_NON_LITERAL_NULL_CONVERSION = YES;
				CLANG_WARN_OBJC_IMPLICIT_RETAIN_SELF = YES;
				CLANG_WARN_OBJC_LITERAL_CONVERSION = YES;
				CLANG_WARN_OBJC_ROOT_CLASS = YES_ERROR;
				CLANG_WARN_RANGE_LOOP_ANALYSIS = YES;
				CLANG_WARN_STRICT_PROTOTYPES = YES;
				CLANG_WARN_SUSPICIOUS_MOVE = YES;
				CLANG_WARN_UNGUARDED_AVAILABILITY = YES_AGGRESSIVE;
				CLANG_WARN_UNREACHABLE_CODE = YES;
				CLANG_WARN__DUPLICATE_METHOD_MATCH = YES;
				CODE_SIGN_IDENTITY = "iPhone Developer";
				COPY_PHASE_STRIP = NO;
				DEBUG_INFORMATION_FORMAT = dwarf;
				ENABLE_STRICT_OBJC_MSGSEND = YES;
				ENABLE_TESTABILITY = YES;
				GCC_C_LANGUAGE_STANDARD = gnu11;
				GCC_DYNAMIC_NO_PIC = NO;
				GCC_NO_COMMON_BLOCKS = YES;
				GCC_OPTIMIZATION_LEVEL = 0;
				GCC_PREPROCESSOR_DEFINITIONS = (
					"DEBUG=1",
					"$(inherited)",
				);
				GCC_WARN_64_TO_32_BIT_CONVERSION = YES;
				GCC_WARN_ABOUT_RETURN_TYPE = YES_ERROR;
				GCC_WARN_UNDECLARED_SELECTOR = YES;
				GCC_WARN_UNINITIALIZED_AUTOS = YES_AGGRESSIVE;
				GCC_WARN_UNUSED_FUNCTION = YES;
				GCC_WARN_UNUSED_VARIABLE = YES;
				IPHONEOS_DEPLOYMENT_TARGET = 11.4;
				MTL_ENABLE_DEBUG_INFO = YES;
				ONLY_ACTIVE_ARCH = YES;
				SDKROOT = iphoneos;
				SWIFT_ACTIVE_COMPILATION_CONDITIONS = DEBUG;
				SWIFT_OPTIMIZATION_LEVEL = "-Onone";
			};
			name = Debug;
		};
		27FC0763211224AB0024C9C4 /* Release */ = {
			isa = XCBuildConfiguration;
			buildSettings = {
				ALWAYS_SEARCH_USER_PATHS = NO;
				CLANG_ANALYZER_NONNULL = YES;
				CLANG_ANALYZER_NUMBER_OBJECT_CONVERSION = YES_AGGRESSIVE;
				CLANG_CXX_LANGUAGE_STANDARD = "gnu++14";
				CLANG_CXX_LIBRARY = "libc++";
				CLANG_ENABLE_MODULES = YES;
				CLANG_ENABLE_OBJC_ARC = YES;
				CLANG_ENABLE_OBJC_WEAK = YES;
				CLANG_WARN_BLOCK_CAPTURE_AUTORELEASING = YES;
				CLANG_WARN_BOOL_CONVERSION = YES;
				CLANG_WARN_COMMA = YES;
				CLANG_WARN_CONSTANT_CONVERSION = YES;
				CLANG_WARN_DEPRECATED_OBJC_IMPLEMENTATIONS = YES;
				CLANG_WARN_DIRECT_OBJC_ISA_USAGE = YES_ERROR;
				CLANG_WARN_DOCUMENTATION_COMMENTS = YES;
				CLANG_WARN_EMPTY_BODY = YES;
				CLANG_WARN_ENUM_CONVERSION = YES;
				CLANG_WARN_INFINITE_RECURSION = YES;
				CLANG_WARN_INT_CONVERSION = YES;
				CLANG_WARN_NON_LITERAL_NULL_CONVERSION = YES;
				CLANG_WARN_OBJC_IMPLICIT_RETAIN_SELF = YES;
				CLANG_WARN_OBJC_LITERAL_CONVERSION = YES;
				CLANG_WARN_OBJC_ROOT_CLASS = YES_ERROR;
				CLANG_WARN_RANGE_LOOP_ANALYSIS = YES;
				CLANG_WARN_STRICT_PROTOTYPES = YES;
				CLANG_WARN_SUSPICIOUS_MOVE = YES;
				CLANG_WARN_UNGUARDED_AVAILABILITY = YES_AGGRESSIVE;
				CLANG_WARN_UNREACHABLE_CODE = YES;
				CLANG_WARN__DUPLICATE_METHOD_MATCH = YES;
				CODE_SIGN_IDENTITY = "iPhone Developer";
				COPY_PHASE_STRIP = NO;
				DEBUG_INFORMATION_FORMAT = "dwarf-with-dsym";
				ENABLE_NS_ASSERTIONS = NO;
				ENABLE_STRICT_OBJC_MSGSEND = YES;
				GCC_C_LANGUAGE_STANDARD = gnu11;
				GCC_NO_COMMON_BLOCKS = YES;
				GCC_WARN_64_TO_32_BIT_CONVERSION = YES;
				GCC_WARN_ABOUT_RETURN_TYPE = YES_ERROR;
				GCC_WARN_UNDECLARED_SELECTOR = YES;
				GCC_WARN_UNINITIALIZED_AUTOS = YES_AGGRESSIVE;
				GCC_WARN_UNUSED_FUNCTION = YES;
				GCC_WARN_UNUSED_VARIABLE = YES;
				IPHONEOS_DEPLOYMENT_TARGET = 11.4;
				MTL_ENABLE_DEBUG_INFO = NO;
				SDKROOT = iphoneos;
				SWIFT_COMPILATION_MODE = wholemodule;
				SWIFT_OPTIMIZATION_LEVEL = "-O";
				VALIDATE_PRODUCT = YES;
			};
			name = Release;
		};
		27FC0765211224AB0024C9C4 /* Debug */ = {
			isa = XCBuildConfiguration;
			buildSettings = {
				ASSETCATALOG_COMPILER_APPICON_NAME = AppIcon;
				CODE_SIGN_STYLE = Automatic;
				DEVELOPMENT_TEAM = "";
				INFOPLIST_FILE = KyleEthanCardGame/Info.plist;
				LD_RUNPATH_SEARCH_PATHS = (
					"$(inherited)",
					"@executable_path/Frameworks",
				);
				PRODUCT_BUNDLE_IDENTIFIER = KnE.KyleEthanCardGame;
				PRODUCT_NAME = "$(TARGET_NAME)";
				SWIFT_VERSION = 4.0;
				TARGETED_DEVICE_FAMILY = "1,2";
			};
			name = Debug;
		};
		27FC0766211224AB0024C9C4 /* Release */ = {
			isa = XCBuildConfiguration;
			buildSettings = {
				ASSETCATALOG_COMPILER_APPICON_NAME = AppIcon;
				CODE_SIGN_STYLE = Automatic;
				DEVELOPMENT_TEAM = "";
				INFOPLIST_FILE = KyleEthanCardGame/Info.plist;
				LD_RUNPATH_SEARCH_PATHS = (
					"$(inherited)",
					"@executable_path/Frameworks",
				);
				PRODUCT_BUNDLE_IDENTIFIER = KnE.KyleEthanCardGame;
				PRODUCT_NAME = "$(TARGET_NAME)";
				SWIFT_VERSION = 4.0;
				TARGETED_DEVICE_FAMILY = "1,2";
			};
			name = Release;
		};
		27FC0768211224AB0024C9C4 /* Debug */ = {
			isa = XCBuildConfiguration;
			buildSettings = {
				ALWAYS_EMBED_SWIFT_STANDARD_LIBRARIES = YES;
				BUNDLE_LOADER = "$(TEST_HOST)";
				CODE_SIGN_STYLE = Automatic;
				INFOPLIST_FILE = KyleEthanCardGameTests/Info.plist;
				LD_RUNPATH_SEARCH_PATHS = (
					"$(inherited)",
					"@executable_path/Frameworks",
					"@loader_path/Frameworks",
				);
				PRODUCT_BUNDLE_IDENTIFIER = KnE.KyleEthanCardGameTests;
				PRODUCT_NAME = "$(TARGET_NAME)";
				SWIFT_VERSION = 4.0;
				TARGETED_DEVICE_FAMILY = "1,2";
				TEST_HOST = "$(BUILT_PRODUCTS_DIR)/KyleEthanCardGame.app/KyleEthanCardGame";
			};
			name = Debug;
		};
		27FC0769211224AB0024C9C4 /* Release */ = {
			isa = XCBuildConfiguration;
			buildSettings = {
				ALWAYS_EMBED_SWIFT_STANDARD_LIBRARIES = YES;
				BUNDLE_LOADER = "$(TEST_HOST)";
				CODE_SIGN_STYLE = Automatic;
				INFOPLIST_FILE = KyleEthanCardGameTests/Info.plist;
				LD_RUNPATH_SEARCH_PATHS = (
					"$(inherited)",
					"@executable_path/Frameworks",
					"@loader_path/Frameworks",
				);
				PRODUCT_BUNDLE_IDENTIFIER = KnE.KyleEthanCardGameTests;
				PRODUCT_NAME = "$(TARGET_NAME)";
				SWIFT_VERSION = 4.0;
				TARGETED_DEVICE_FAMILY = "1,2";
				TEST_HOST = "$(BUILT_PRODUCTS_DIR)/KyleEthanCardGame.app/KyleEthanCardGame";
			};
			name = Release;
		};
		27FC076B211224AB0024C9C4 /* Debug */ = {
			isa = XCBuildConfiguration;
			buildSettings = {
				ALWAYS_EMBED_SWIFT_STANDARD_LIBRARIES = YES;
				CODE_SIGN_STYLE = Automatic;
				INFOPLIST_FILE = KyleEthanCardGameUITests/Info.plist;
				LD_RUNPATH_SEARCH_PATHS = (
					"$(inherited)",
					"@executable_path/Frameworks",
					"@loader_path/Frameworks",
				);
				PRODUCT_BUNDLE_IDENTIFIER = KnE.KyleEthanCardGameUITests;
				PRODUCT_NAME = "$(TARGET_NAME)";
				SWIFT_VERSION = 4.0;
				TARGETED_DEVICE_FAMILY = "1,2";
				TEST_TARGET_NAME = KyleEthanCardGame;
			};
			name = Debug;
		};
		27FC076C211224AB0024C9C4 /* Release */ = {
			isa = XCBuildConfiguration;
			buildSettings = {
				ALWAYS_EMBED_SWIFT_STANDARD_LIBRARIES = YES;
				CODE_SIGN_STYLE = Automatic;
				INFOPLIST_FILE = KyleEthanCardGameUITests/Info.plist;
				LD_RUNPATH_SEARCH_PATHS = (
					"$(inherited)",
					"@executable_path/Frameworks",
					"@loader_path/Frameworks",
				);
				PRODUCT_BUNDLE_IDENTIFIER = KnE.KyleEthanCardGameUITests;
				PRODUCT_NAME = "$(TARGET_NAME)";
				SWIFT_VERSION = 4.0;
				TARGETED_DEVICE_FAMILY = "1,2";
				TEST_TARGET_NAME = KyleEthanCardGame;
			};
			name = Release;
		};
/* End XCBuildConfiguration section */

/* Begin XCConfigurationList section */
		27FC0737211224A90024C9C4 /* Build configuration list for PBXProject "KyleEthanCardGame" */ = {
			isa = XCConfigurationList;
			buildConfigurations = (
				27FC0762211224AB0024C9C4 /* Debug */,
				27FC0763211224AB0024C9C4 /* Release */,
			);
			defaultConfigurationIsVisible = 0;
			defaultConfigurationName = Release;
		};
		27FC0764211224AB0024C9C4 /* Build configuration list for PBXNativeTarget "KyleEthanCardGame" */ = {
			isa = XCConfigurationList;
			buildConfigurations = (
				27FC0765211224AB0024C9C4 /* Debug */,
				27FC0766211224AB0024C9C4 /* Release */,
			);
			defaultConfigurationIsVisible = 0;
			defaultConfigurationName = Release;
		};
		27FC0767211224AB0024C9C4 /* Build configuration list for PBXNativeTarget "KyleEthanCardGameTests" */ = {
			isa = XCConfigurationList;
			buildConfigurations = (
				27FC0768211224AB0024C9C4 /* Debug */,
				27FC0769211224AB0024C9C4 /* Release */,
			);
			defaultConfigurationIsVisible = 0;
			defaultConfigurationName = Release;
		};
		27FC076A211224AB0024C9C4 /* Build configuration list for PBXNativeTarget "KyleEthanCardGameUITests" */ = {
			isa = XCConfigurationList;
			buildConfigurations = (
				27FC076B211224AB0024C9C4 /* Debug */,
				27FC076C211224AB0024C9C4 /* Release */,
			);
			defaultConfigurationIsVisible = 0;
			defaultConfigurationName = Release;
		};
/* End XCConfigurationList section */
	};
	rootObject = 27FC0734211224A90024C9C4 /* Project object */;
}
